
Microsoft Visual Studio Solution File, Format Version 12.00
# Visual Studio 15
VisualStudioVersion = 15.0.28307.902
MinimumVisualStudioVersion = 10.0.40219.1
Project("{FAE04EC0-301F-11D3-BF4B-00C04F79EFBC}") = "LocalIPLogger", "LocalIPLogger\LocalIPLogger.csproj", "{5EB5C80F-17CF-4B36-BCA2-3A9E729A2408}"
EndProject
Global
	GlobalSection(SolutionConfigurationPlatforms) = preSolution
		Debug|Any CPU = Debug|Any CPU
		Release|Any CPU = Release|Any CPU
	EndGlobalSection
	GlobalSection(ProjectConfigurationPlatforms) = postSolution
		{5EB5C80F-17CF-4B36-BCA2-3A9E729A2408}.Debug|Any CPU.ActiveCfg = Debug|Any CPU
		{5EB5C80F-17CF-4B36-BCA2-3A9E729A2408}.Debug|Any CPU.Build.0 = Debug|Any CPU
		{5EB5C80F-17CF-4B36-BCA2-3A9E729A2408}.Release|Any CPU.ActiveCfg = Release|Any CPU
		{5EB5C80F-17CF-4B36-BCA2-3A9E729A2408}.Release|Any CPU.Build.0 = Release|Any CPU
	EndGlobalSection
	GlobalSection(SolutionProperties) = preSolution
		HideSolutionNode = FALSE
	EndGlobalSection
	GlobalSection(ExtensibilityGlobals) = postSolution
		SolutionGuid = {0C361DF4-B2C1-42D0-9AC3-969AA117B13E}
	EndGlobalSection
EndGlobal
